
Microsoft Visual Studio Solution File, Format Version 12.00
# Visual Studio Version 16
VisualStudioVersion = 16.0.31410.357
MinimumVisualStudioVersion = 10.0.40219.1
Project("{FAE04EC0-301F-11D3-BF4B-00C04F79EFBC}") = "SnakesNLadder", "SnakesNLadder\SnakesNLadder.csproj", "{43B214E9-ACDE-4283-A614-0DC5C2673DCA}"
EndProject
Global
	GlobalSection(SolutionConfigurationPlatforms) = preSolution
		Debug|Any CPU = Debug|Any CPU
		Release|Any CPU = Release|Any CPU
	EndGlobalSection
	GlobalSection(ProjectConfigurationPlatforms) = postSolution
		{43B214E9-ACDE-4283-A614-0DC5C2673DCA}.Debug|Any CPU.ActiveCfg = Debug|Any CPU
		{43B214E9-ACDE-4283-A614-0DC5C2673DCA}.Debug|Any CPU.Build.0 = Debug|Any CPU
		{43B214E9-ACDE-4283-A614-0DC5C2673DCA}.Release|Any CPU.ActiveCfg = Release|Any CPU
		{43B214E9-ACDE-4283-A614-0DC5C2673DCA}.Release|Any CPU.Build.0 = Release|Any CPU
	EndGlobalSection
	GlobalSection(SolutionProperties) = preSolution
		HideSolutionNode = FALSE
	EndGlobalSection
	GlobalSection(ExtensibilityGlobals) = postSolution
		SolutionGuid = {4C29AE23-2FB7-4968-B793-44021D779AE4}
	EndGlobalSection
EndGlobal
